
Microsoft Visual Studio Solution File, Format Version 12.00
# Visual Studio Version 17
VisualStudioVersion = 17.11.35222.181
MinimumVisualStudioVersion = 10.0.40219.1
Project("{FAE04EC0-301F-11D3-BF4B-00C04F79EFBC}") = "O365C.FuncApp.ProjectTracker", "O365C.FuncApp.ProjectTracker.csproj", "{632018CD-C7E0-4677-920F-5182B7F80698}"
EndProject
Global
	GlobalSection(SolutionConfigurationPlatforms) = preSolution
		Debug|Any CPU = Debug|Any CPU
		Release|Any CPU = Release|Any CPU
	EndGlobalSection
	GlobalSection(ProjectConfigurationPlatforms) = postSolution
		{632018CD-C7E0-4677-920F-5182B7F80698}.Debug|Any CPU.ActiveCfg = Debug|Any CPU
		{632018CD-C7E0-4677-920F-5182B7F80698}.Debug|Any CPU.Build.0 = Debug|Any CPU
		{632018CD-C7E0-4677-920F-5182B7F80698}.Release|Any CPU.ActiveCfg = Release|Any CPU
		{632018CD-C7E0-4677-920F-5182B7F80698}.Release|Any CPU.Build.0 = Release|Any CPU
	EndGlobalSection
	GlobalSection(SolutionProperties) = preSolution
		HideSolutionNode = FALSE
	EndGlobalSection
	GlobalSection(ExtensibilityGlobals) = postSolution
		SolutionGuid = {D52FA21F-F853-4B70-B1A8-E87455B551F2}
	EndGlobalSection
EndGlobal
